
Microsoft Visual Studio Solution File, Format Version 12.00
# Visual Studio Version 16
VisualStudioVersion = 16.0.31019.35
MinimumVisualStudioVersion = 10.0.40219.1
Project("{FAE04EC0-301F-11D3-BF4B-00C04F79EFBC}") = "Api_Mongo", "Api_Mongo\Api_Mongo.csproj", "{5268B53A-DB9E-495F-86B9-A3627B451D8A}"
EndProject
Global
	GlobalSection(SolutionConfigurationPlatforms) = preSolution
		Debug|Any CPU = Debug|Any CPU
		Release|Any CPU = Release|Any CPU
	EndGlobalSection
	GlobalSection(ProjectConfigurationPlatforms) = postSolution
		{5268B53A-DB9E-495F-86B9-A3627B451D8A}.Debug|Any CPU.ActiveCfg = Debug|Any CPU
		{5268B53A-DB9E-495F-86B9-A3627B451D8A}.Debug|Any CPU.Build.0 = Debug|Any CPU
		{5268B53A-DB9E-495F-86B9-A3627B451D8A}.Release|Any CPU.ActiveCfg = Release|Any CPU
		{5268B53A-DB9E-495F-86B9-A3627B451D8A}.Release|Any CPU.Build.0 = Release|Any CPU
	EndGlobalSection
	GlobalSection(SolutionProperties) = preSolution
		HideSolutionNode = FALSE
	EndGlobalSection
	GlobalSection(ExtensibilityGlobals) = postSolution
		SolutionGuid = {C610CC12-F230-4C08-A810-66EF7937832D}
	EndGlobalSection
EndGlobal
